PODS:
  - SnapKit (4.2.0)

DEPENDENCIES:
  - SnapKit (from `https://github.com/kawoou/SnapKit`)

EXTERNAL SOURCES:
  SnapKit:
    :git: https://github.com/kawoou/SnapKit

CHECKOUT OPTIONS:
  SnapKit:
    :commit: f0d8bdc4578d4c6c2f3480d91036835db52ccfbf
    :git: https://github.com/kawoou/SnapKit

SPEC CHECKSUMS:
  SnapKit: ae1cdee794f6a7b8e909092c5244a79b9d1c9e26

PODFILE CHECKSUM: d4eedf1ca29acae5a01bee468cc912c655066e21

COCOAPODS: 1.6.0
